// !$*UTF8*$!
{
	archiveVersion = 1;
	classes = {
	};
	objectVersion = 50;
	objects = {

/* Begin PBXBuildFile section */
		4550EA4E214517A200580CFE /* MultiPlatformLibrary.framework in Frameworks */ = {isa = PBXBuildFile; fileRef = 4550EA4D214517A100580CFE /* MultiPlatformLibrary.framework */; };
		4550EA5021451ADA00580CFE /* MultiPlatformLibrary.framework in Embed Frameworks */ = {isa = PBXBuildFile; fileRef = 4550EA4D214517A100580CFE /* MultiPlatformLibrary.framework */; settings = {ATTRIBUTES = (CodeSignOnCopy, RemoveHeadersOnCopy, ); }; };
		45E0A230216E681E00969FEA /* Images.xcassets in Resources */ = {isa = PBXBuildFile; fileRef = 45E0A22F216E681E00969FEA /* Images.xcassets */; };
		45E0A232216E699900969FEA /* AppDelegate.swift in Sources */ = {isa = PBXBuildFile; fileRef = 45E0A231216E699900969FEA /* AppDelegate.swift */; };
		45E0A236216E6EEA00969FEA /* Main.storyboard in Resources */ = {isa = PBXBuildFile; fileRef = 45E0A235216E6EEA00969FEA /* Main.storyboard */; };
/* End PBXBuildFile section */

/* Begin PBXCopyFilesBuildPhase section */
		4550EA5121451ADB00580CFE /* Embed Frameworks */ = {
			isa = PBXCopyFilesBuildPhase;
			buildActionMask = 2147483647;
			dstPath = "";
			dstSubfolderSpec = 10;
			files = (
				4550EA5021451ADA00580CFE /* MultiPlatformLibrary.framework in Embed Frameworks */,
			);
			name = "Embed Frameworks";
			runOnlyForDeploymentPostprocessing = 0;
		};
/* End PBXCopyFilesBuildPhase section */

/* Begin PBXFileReference section */
		2560427F208D8B54004B3175 /* DemoApplication.app */ = {isa = PBXFileReference; explicitFileType = wrapper.application; includeInIndex = 0; path = DemoApplication.app; sourceTree = BUILT_PRODUCTS_DIR; };
		4550EA4D214517A100580CFE /* MultiPlatformLibrary.framework */ = {isa = PBXFileReference; lastKnownFileType = wrapper.framework; path = MultiPlatformLibrary.framework; sourceTree = BUILT_PRODUCTS_DIR; };
		45E0A22F216E681E00969FEA /* Images.xcassets */ = {isa = PBXFileReference; lastKnownFileType = folder.assetcatalog; name = Images.xcassets; path = DemoApplication/Images.xcassets; sourceTree = "<group>"; };
		45E0A231216E699900969FEA /* AppDelegate.swift */ = {isa = PBXFileReference; lastKnownFileType = sourcecode.swift; name = AppDelegate.swift; path = DemoApplication/AppDelegate.swift; sourceTree = "<group>"; };
		45E0A233216E6C9B00969FEA /* Info.plist */ = {isa = PBXFileReference; fileEncoding = 4; lastKnownFileType = text.plist.xml; name = Info.plist; path = DemoApplication/Info.plist; sourceTree = "<group>"; };
		45E0A235216E6EEA00969FEA /* Main.storyboard */ = {isa = PBXFileReference; lastKnownFileType = file.storyboard; name = Main.storyboard; path = DemoApplication/Main.storyboard; sourceTree = "<group>"; };
/* End PBXFileReference section */

/* Begin PBXFrameworksBuildPhase section */
		2560427C208D8B54004B3175 /* Frameworks */ = {
			isa = PBXFrameworksBuildPhase;
			buildActionMask = 2147483647;
			files = (
				4550EA4E214517A200580CFE /* MultiPlatformLibrary.framework in Frameworks */,
			);
			runOnlyForDeploymentPostprocessing = 0;
		};
/* End PBXFrameworksBuildPhase section */

/* Begin PBXGroup section */
		25604276208D8B54004B3175 = {
			isa = PBXGroup;
			children = (
				45E0A235216E6EEA00969FEA /* Main.storyboard */,
				45E0A233216E6C9B00969FEA /* Info.plist */,
				45E0A231216E699900969FEA /* AppDelegate.swift */,
				45E0A22F216E681E00969FEA /* Images.xcassets */,
				25604280208D8B54004B3175 /* Products */,
				5B9867E415CD24E27637802F /* Frameworks */,
			);
			indentWidth = 2;
			sourceTree = "<group>";
			tabWidth = 2;
		};
		25604280208D8B54004B3175 /* Products */ = {
			isa = PBXGroup;
			children = (
				2560427F208D8B54004B3175 /* DemoApplication.app */,
			);
			name = Products;
			sourceTree = "<group>";
		};
		5B9867E415CD24E27637802F /* Frameworks */ = {
			isa = PBXGroup;
			children = (
				4550EA4D214517A100580CFE /* MultiPlatformLibrary.framework */,
			);
			name = Frameworks;
			sourceTree = "<group>";
		};
/* End PBXGroup section */

/* Begin PBXNativeTarget section */
		2560427E208D8B54004B3175 /* DemoApplication */ = {
			isa = PBXNativeTarget;
			buildConfigurationList = 2560429C208D8B57004B3175 /* Build configuration list for PBXNativeTarget "DemoApplication" */;
			buildPhases = (
				4550EA4C2145141600580CFE /* Compile Kotlin/Native */,
				2560427B208D8B54004B3175 /* Sources */,
				2560427C208D8B54004B3175 /* Frameworks */,
				2560427D208D8B54004B3175 /* Resources */,
				4550EA5121451ADB00580CFE /* Embed Frameworks */,
			);
			buildRules = (
			);
			dependencies = (
			);
			name = DemoApplication;
			productName = RussiaRunning;
			productReference = 2560427F208D8B54004B3175 /* DemoApplication.app */;
			productType = "com.apple.product-type.application";
		};
/* End PBXNativeTarget section */

/* Begin PBXProject section */
		25604277208D8B54004B3175 /* Project object */ = {
			isa = PBXProject;
			attributes = {
				LastSwiftUpdateCheck = 0930;
				LastUpgradeCheck = 0930;
				ORGANIZATIONNAME = "IceRock Development";
				TargetAttributes = {
					2560427E208D8B54004B3175 = {
						CreatedOnToolsVersion = 9.3;
						LastSwiftMigration = 1000;
						SystemCapabilities = {
							com.apple.Push = {
								enabled = 1;
							};
						};
					};
				};
			};
			buildConfigurationList = 2560427A208D8B54004B3175 /* Build configuration list for PBXProject "DemoApplication" */;
			compatibilityVersion = "Xcode 9.3";
			developmentRegion = ru;
			hasScannedForEncodings = 0;
			knownRegions = (
				Base,
				en,
			);
			mainGroup = 25604276208D8B54004B3175;
			productRefGroup = 25604280208D8B54004B3175 /* Products */;
			projectDirPath = "";
			projectRoot = "";
			targets = (
				2560427E208D8B54004B3175 /* DemoApplication */,
			);
		};
/* End PBXProject section */

/* Begin PBXResourcesBuildPhase section */
		2560427D208D8B54004B3175 /* Resources */ = {
			isa = PBXResourcesBuildPhase;
			buildActionMask = 2147483647;
			files = (
				45E0A230216E681E00969FEA /* Images.xcassets in Resources */,
				45E0A236216E6EEA00969FEA /* Main.storyboard in Resources */,
			);
			runOnlyForDeploymentPostprocessing = 0;
		};
/* End PBXResourcesBuildPhase section */

/* Begin PBXShellScriptBuildPhase section */
		4550EA4C2145141600580CFE /* Compile Kotlin/Native */ = {
			isa = PBXShellScriptBuildPhase;
			buildActionMask = 2147483647;
			files = (
			);
			inputPaths = (
			);
			name = "Compile Kotlin/Native";
			outputPaths = (
			);
			runOnlyForDeploymentPostprocessing = 0;
			shellPath = /bin/sh;
			shellScript = "MPP_OUTPUT_NAME=\"$TARGET_BUILD_DIR/$MPP_LIBRARY_NAME.framework\"\nMPP_INPUT_NAME=\"$SRCROOT/mpp-library/ios/build/lib/main/$GRADLE_LIBRARY_PATH/$MPP_LIBRARY_NAME.framework\"\n\nrm -rf \"$MPP_OUTPUT_NAME\"\nrm -rf \"$MPP_OUTPUT_NAME.dSYM\"\n\n\"$SRCROOT/gradlew\" --no-daemon -p \"$SRCROOT/mpp-library/ios\" \"$GRADLE_TASK\"\n\ncp -r \"$MPP_INPUT_NAME\" \"$TARGET_BUILD_DIR\"\ncp -r \"$MPP_INPUT_NAME.dSYM\" \"$TARGET_BUILD_DIR\"\n";
		};
/* End PBXShellScriptBuildPhase section */

/* Begin PBXSourcesBuildPhase section */
		2560427B208D8B54004B3175 /* Sources */ = {
			isa = PBXSourcesBuildPhase;
			buildActionMask = 2147483647;
			files = (
				45E0A232216E699900969FEA /* AppDelegate.swift in Sources */,
			);
			runOnlyForDeploymentPostprocessing = 0;
		};
/* End PBXSourcesBuildPhase section */

/* Begin XCBuildConfiguration section */
		2560429A208D8B57004B3175 /* Debug */ = {
			isa = XCBuildConfiguration;
			buildSettings = {
				ALWAYS_SEARCH_USER_PATHS = NO;
				CLANG_ANALYZER_LOCALIZABILITY_NONLOCALIZED = YES;
				CLANG_ANALYZER_NONNULL = YES;
				CLANG_ANALYZER_NUMBER_OBJECT_CONVERSION = YES_AGGRESSIVE;
				CLANG_CXX_LANGUAGE_STANDARD = "gnu++14";
				CLANG_CXX_LIBRARY = "libc++";
				CLANG_ENABLE_MODULES = YES;
				CLANG_ENABLE_OBJC_ARC = YES;
				CLANG_ENABLE_OBJC_WEAK = YES;
				CLANG_WARN_BLOCK_CAPTURE_AUTORELEASING = YES;
				CLANG_WARN_BOOL_CONVERSION = YES;
				CLANG_WARN_COMMA = YES;
				CLANG_WARN_CONSTANT_CONVERSION = YES;
				CLANG_WARN_DEPRECATED_OBJC_IMPLEMENTATIONS = YES;
				CLANG_WARN_DIRECT_OBJC_ISA_USAGE = YES_ERROR;
				CLANG_WARN_DOCUMENTATION_COMMENTS = YES;
				CLANG_WARN_EMPTY_BODY = YES;
				CLANG_WARN_ENUM_CONVERSION = YES;
				CLANG_WARN_INFINITE_RECURSION = YES;
				CLANG_WARN_INT_CONVERSION = YES;
				CLANG_WARN_NON_LITERAL_NULL_CONVERSION = YES;
				CLANG_WARN_OBJC_IMPLICIT_RETAIN_SELF = YES;
				CLANG_WARN_OBJC_LITERAL_CONVERSION = YES;
				CLANG_WARN_OBJC_ROOT_CLASS = YES_ERROR;
				CLANG_WARN_RANGE_LOOP_ANALYSIS = YES;
				CLANG_WARN_STRICT_PROTOTYPES = YES;
				CLANG_WARN_SUSPICIOUS_MOVE = YES;
				CLANG_WARN_UNGUARDED_AVAILABILITY = YES_AGGRESSIVE;
				CLANG_WARN_UNREACHABLE_CODE = YES;
				CLANG_WARN__DUPLICATE_METHOD_MATCH = YES;
				CODE_SIGN_IDENTITY = "iPhone Developer";
				COPY_PHASE_STRIP = NO;
				DEBUG_INFORMATION_FORMAT = dwarf;
				ENABLE_STRICT_OBJC_MSGSEND = YES;
				ENABLE_TESTABILITY = YES;
				GCC_C_LANGUAGE_STANDARD = gnu11;
				GCC_DYNAMIC_NO_PIC = NO;
				GCC_NO_COMMON_BLOCKS = YES;
				GCC_OPTIMIZATION_LEVEL = 0;
				GCC_PREPROCESSOR_DEFINITIONS = (
					"DEBUG=1",
					"$(inherited)",
				);
				GCC_WARN_64_TO_32_BIT_CONVERSION = YES;
				GCC_WARN_ABOUT_RETURN_TYPE = YES_ERROR;
				GCC_WARN_UNDECLARED_SELECTOR = YES;
				GCC_WARN_UNINITIALIZED_AUTOS = YES_AGGRESSIVE;
				GCC_WARN_UNUSED_FUNCTION = YES;
				GCC_WARN_UNUSED_VARIABLE = YES;
				IPHONEOS_DEPLOYMENT_TARGET = 11.3;
				ONLY_ACTIVE_ARCH = YES;
				SDKROOT = iphoneos;
			};
			name = Debug;
		};
		2560429B208D8B57004B3175 /* Release */ = {
			isa = XCBuildConfiguration;
			buildSettings = {
				ALWAYS_SEARCH_USER_PATHS = NO;
				CLANG_ANALYZER_LOCALIZABILITY_NONLOCALIZED = YES;
				CLANG_ANALYZER_NONNULL = YES;
				CLANG_ANALYZER_NUMBER_OBJECT_CONVERSION = YES_AGGRESSIVE;
				CLANG_CXX_LANGUAGE_STANDARD = "gnu++14";
				CLANG_CXX_LIBRARY = "libc++";
				CLANG_ENABLE_MODULES = YES;
				CLANG_ENABLE_OBJC_ARC = YES;
				CLANG_ENABLE_OBJC_WEAK = YES;
				CLANG_WARN_BLOCK_CAPTURE_AUTORELEASING = YES;
				CLANG_WARN_BOOL_CONVERSION = YES;
				CLANG_WARN_COMMA = YES;
				CLANG_WARN_CONSTANT_CONVERSION = YES;
				CLANG_WARN_DEPRECATED_OBJC_IMPLEMENTATIONS = YES;
				CLANG_WARN_DIRECT_OBJC_ISA_USAGE = YES_ERROR;
				CLANG_WARN_DOCUMENTATION_COMMENTS = YES;
				CLANG_WARN_EMPTY_BODY = YES;
				CLANG_WARN_ENUM_CONVERSION = YES;
				CLANG_WARN_INFINITE_RECURSION = YES;
				CLANG_WARN_INT_CONVERSION = YES;
				CLANG_WARN_NON_LITERAL_NULL_CONVERSION = YES;
				CLANG_WARN_OBJC_IMPLICIT_RETAIN_SELF = YES;
				CLANG_WARN_OBJC_LITERAL_CONVERSION = YES;
				CLANG_WARN_OBJC_ROOT_CLASS = YES_ERROR;
				CLANG_WARN_RANGE_LOOP_ANALYSIS = YES;
				CLANG_WARN_STRICT_PROTOTYPES = YES;
				CLANG_WARN_SUSPICIOUS_MOVE = YES;
				CLANG_WARN_UNGUARDED_AVAILABILITY = YES_AGGRESSIVE;
				CLANG_WARN_UNREACHABLE_CODE = YES;
				CLANG_WARN__DUPLICATE_METHOD_MATCH = YES;
				CODE_SIGN_IDENTITY = "iPhone Developer";
				COPY_PHASE_STRIP = NO;
				DEBUG_INFORMATION_FORMAT = "dwarf-with-dsym";
				ENABLE_NS_ASSERTIONS = NO;
				ENABLE_STRICT_OBJC_MSGSEND = YES;
				GCC_C_LANGUAGE_STANDARD = gnu11;
				GCC_NO_COMMON_BLOCKS = YES;
				GCC_WARN_64_TO_32_BIT_CONVERSION = YES;
				GCC_WARN_ABOUT_RETURN_TYPE = YES_ERROR;
				GCC_WARN_UNDECLARED_SELECTOR = YES;
				GCC_WARN_UNINITIALIZED_AUTOS = YES_AGGRESSIVE;
				GCC_WARN_UNUSED_FUNCTION = YES;
				GCC_WARN_UNUSED_VARIABLE = YES;
				IPHONEOS_DEPLOYMENT_TARGET = 11.3;
				SDKROOT = iphoneos;
				VALIDATE_PRODUCT = YES;
			};
			name = Release;
		};
		2560429D208D8B57004B3175 /* Debug */ = {
			isa = XCBuildConfiguration;
			buildSettings = {
				CLANG_ENABLE_MODULES = YES;
				CODE_SIGN_IDENTITY = "iPhone Developer";
				CODE_SIGN_STYLE = Automatic;
				CURRENT_PROJECT_VERSION = 0.1;
				DEVELOPMENT_TEAM = JHA8M3FGT2;
				ENABLE_BITCODE = NO;
				"GRADLE_LIBRARY_PATH[sdk=iphoneos*]" = debug/ios_arm64;
				"GRADLE_LIBRARY_PATH[sdk=iphonesimulator*]" = debug/ios_x64;
				"GRADLE_TASK[sdk=iphoneos*]" = compileDebugIos_arm64KotlinNative;
				"GRADLE_TASK[sdk=iphonesimulator*]" = compileDebugIos_x64KotlinNative;
				INFOPLIST_FILE = "$(SRCROOT)/DemoApplication/Info.plist";
				IPHONEOS_DEPLOYMENT_TARGET = 10.0;
				LD_RUNPATH_SEARCH_PATHS = (
					"$(inherited)",
					"@executable_path/Frameworks",
				);
				MPP_LIBRARY_NAME = MultiPlatformLibrary;
				PRODUCT_BUNDLE_IDENTIFIER = ru.alex009.demoapplication;
				PRODUCT_NAME = "$(TARGET_NAME)";
				PROVISIONING_PROFILE_SPECIFIER = "";
				SWIFT_OPTIMIZATION_LEVEL = "-Onone";
				SWIFT_VERSION = 4.2;
				TARGETED_DEVICE_FAMILY = 1;
				VERSIONING_SYSTEM = "apple-generic";
			};
			name = Debug;
		};
		2560429E208D8B57004B3175 /* Release */ = {
			isa = XCBuildConfiguration;
			buildSettings = {
				CLANG_ENABLE_MODULES = YES;
				CODE_SIGN_IDENTITY = "iPhone Developer";
				CODE_SIGN_STYLE = Automatic;
				CURRENT_PROJECT_VERSION = 0.1;
				DEVELOPMENT_TEAM = JHA8M3FGT2;
				ENABLE_BITCODE = NO;
				"GRADLE_LIBRARY_PATH[sdk=iphoneos*]" = release/ios_arm64;
				"GRADLE_LIBRARY_PATH[sdk=iphonesimulator*]" = release/ios_x64;
				"GRADLE_TASK[sdk=iphoneos*]" = compileReleaseIos_arm64KotlinNative;
				"GRADLE_TASK[sdk=iphonesimulator*]" = compileReleaseIos_x64KotlinNative;
				INFOPLIST_FILE = "$(SRCROOT)/DemoApplication/Info.plist";
				IPHONEOS_DEPLOYMENT_TARGET = 10.0;
				LD_RUNPATH_SEARCH_PATHS = (
					"$(inherited)",
					"@executable_path/Frameworks",
				);
				MPP_LIBRARY_NAME = MultiPlatformLibrary;
				PRODUCT_BUNDLE_IDENTIFIER = ru.alex009.demoapplication;
				PRODUCT_NAME = "$(TARGET_NAME)";
				PROVISIONING_PROFILE_SPECIFIER = "$(sigh_com.mirbega.russiarunning_development_profile-name)";
				SWIFT_VERSION = 4.2;
				TARGETED_DEVICE_FAMILY = 1;
				VERSIONING_SYSTEM = "apple-generic";
			};
			name = Release;
		};
/* End XCBuildConfiguration section */

/* Begin XCConfigurationList section */
		2560427A208D8B54004B3175 /* Build configuration list for PBXProject "DemoApplication" */ = {
			isa = XCConfigurationList;
			buildConfigurations = (
				2560429A208D8B57004B3175 /* Debug */,
				2560429B208D8B57004B3175 /* Release */,
			);
			defaultConfigurationIsVisible = 0;
			defaultConfigurationName = Release;
		};
		2560429C208D8B57004B3175 /* Build configuration list for PBXNativeTarget "DemoApplication" */ = {
			isa = XCConfigurationList;
			buildConfigurations = (
				2560429D208D8B57004B3175 /* Debug */,
				2560429E208D8B57004B3175 /* Release */,
			);
			defaultConfigurationIsVisible = 0;
			defaultConfigurationName = Release;
		};
/* End XCConfigurationList section */
	};
	rootObject = 25604277208D8B54004B3175 /* Project object */;
}
